
Microsoft Visual Studio Solution File, Format Version 12.00
# Visual Studio Version 17
VisualStudioVersion = 17.14.36429.23 d17.14
MinimumVisualStudioVersion = 10.0.40219.1
Project("{FAE04EC0-301F-11D3-BF4B-00C04F79EFBC}") = "ObjectOrientedPractice", "ObjectOrientedPractice\ObjectOrientedPractice.csproj", "{3D8CEB73-FD13-4FE7-B14C-CB64D56C1FCE}"
EndProject
Global
	GlobalSection(SolutionConfigurationPlatforms) = preSolution
		Debug|Any CPU = Debug|Any CPU
		Release|Any CPU = Release|Any CPU
	EndGlobalSection
	GlobalSection(ProjectConfigurationPlatforms) = postSolution
		{3D8CEB73-FD13-4FE7-B14C-CB64D56C1FCE}.Debug|Any CPU.ActiveCfg = Debug|Any CPU
		{3D8CEB73-FD13-4FE7-B14C-CB64D56C1FCE}.Debug|Any CPU.Build.0 = Debug|Any CPU
		{3D8CEB73-FD13-4FE7-B14C-CB64D56C1FCE}.Release|Any CPU.ActiveCfg = Release|Any CPU
		{3D8CEB73-FD13-4FE7-B14C-CB64D56C1FCE}.Release|Any CPU.Build.0 = Release|Any CPU
	EndGlobalSection
	GlobalSection(SolutionProperties) = preSolution
		HideSolutionNode = FALSE
	EndGlobalSection
	GlobalSection(ExtensibilityGlobals) = postSolution
		SolutionGuid = {2EB2CF9B-22C5-455C-8FF0-9305F736E34B}
	EndGlobalSection
EndGlobal
